
Microsoft Visual Studio Solution File, Format Version 12.00
# Visual Studio 15
VisualStudioVersion = 15.0.28307.572
MinimumVisualStudioVersion = 10.0.40219.1
Project("{FAE04EC0-301F-11D3-BF4B-00C04F79EFBC}") = "MyFirstWebApi", "MyFirstWebApi\MyFirstWebApi.csproj", "{87F67A23-A95E-4B85-9C08-7EDE35633977}"
EndProject
Project("{FAE04EC0-301F-11D3-BF4B-00C04F79EFBC}") = "Stand-Alone Web Api", "Stand-Alone Web Api\Stand-Alone Web Api.csproj", "{C8622649-BD24-449D-98C7-523F85173886}"
EndProject
Project("{FAE04EC0-301F-11D3-BF4B-00C04F79EFBC}") = "WebApiOnly", "WebApiOnly\WebApiOnly.csproj", "{48D33758-8103-4335-B739-14608C85DB79}"
EndProject
Project("{FAE04EC0-301F-11D3-BF4B-00C04F79EFBC}") = "WebAPIForCURD", "WebAPIForCURD\WebAPIForCURD.csproj", "{ABE674CA-316E-42E5-97DB-1A15BF5208DD}"
EndProject
Project("{FAE04EC0-301F-11D3-BF4B-00C04F79EFBC}") = "DependencyInjectWithWebApi", "DependencyInjectWithWebApi\DependencyInjectWithWebApi.csproj", "{12806A85-0F14-43D5-8AA2-2FCB860E2DB7}"
EndProject
Global
	GlobalSection(SolutionConfigurationPlatforms) = preSolution
		Debug|Any CPU = Debug|Any CPU
		Release|Any CPU = Release|Any CPU
	EndGlobalSection
	GlobalSection(ProjectConfigurationPlatforms) = postSolution
		{87F67A23-A95E-4B85-9C08-7EDE35633977}.Debug|Any CPU.ActiveCfg = Debug|Any CPU
		{87F67A23-A95E-4B85-9C08-7EDE35633977}.Debug|Any CPU.Build.0 = Debug|Any CPU
		{87F67A23-A95E-4B85-9C08-7EDE35633977}.Release|Any CPU.ActiveCfg = Release|Any CPU
		{87F67A23-A95E-4B85-9C08-7EDE35633977}.Release|Any CPU.Build.0 = Release|Any CPU
		{C8622649-BD24-449D-98C7-523F85173886}.Debug|Any CPU.ActiveCfg = Debug|Any CPU
		{C8622649-BD24-449D-98C7-523F85173886}.Debug|Any CPU.Build.0 = Debug|Any CPU
		{C8622649-BD24-449D-98C7-523F85173886}.Release|Any CPU.ActiveCfg = Release|Any CPU
		{C8622649-BD24-449D-98C7-523F85173886}.Release|Any CPU.Build.0 = Release|Any CPU
		{48D33758-8103-4335-B739-14608C85DB79}.Debug|Any CPU.ActiveCfg = Debug|Any CPU
		{48D33758-8103-4335-B739-14608C85DB79}.Debug|Any CPU.Build.0 = Debug|Any CPU
		{48D33758-8103-4335-B739-14608C85DB79}.Release|Any CPU.ActiveCfg = Release|Any CPU
		{48D33758-8103-4335-B739-14608C85DB79}.Release|Any CPU.Build.0 = Release|Any CPU
		{ABE674CA-316E-42E5-97DB-1A15BF5208DD}.Debug|Any CPU.ActiveCfg = Debug|Any CPU
		{ABE674CA-316E-42E5-97DB-1A15BF5208DD}.Debug|Any CPU.Build.0 = Debug|Any CPU
		{ABE674CA-316E-42E5-97DB-1A15BF5208DD}.Release|Any CPU.ActiveCfg = Release|Any CPU
		{ABE674CA-316E-42E5-97DB-1A15BF5208DD}.Release|Any CPU.Build.0 = Release|Any CPU
		{12806A85-0F14-43D5-8AA2-2FCB860E2DB7}.Debug|Any CPU.ActiveCfg = Debug|Any CPU
		{12806A85-0F14-43D5-8AA2-2FCB860E2DB7}.Debug|Any CPU.Build.0 = Debug|Any CPU
		{12806A85-0F14-43D5-8AA2-2FCB860E2DB7}.Release|Any CPU.ActiveCfg = Release|Any CPU
		{12806A85-0F14-43D5-8AA2-2FCB860E2DB7}.Release|Any CPU.Build.0 = Release|Any CPU
	EndGlobalSection
	GlobalSection(SolutionProperties) = preSolution
		HideSolutionNode = FALSE
	EndGlobalSection
	GlobalSection(ExtensibilityGlobals) = postSolution
		SolutionGuid = {512FDB28-1892-40DD-8303-1724719D8EC0}
	EndGlobalSection
EndGlobal
